
Microsoft Visual Studio Solution File, Format Version 12.00
# Visual Studio Version 16
VisualStudioVersion = 16.0.33328.57
MinimumVisualStudioVersion = 10.0.40219.1
Project("{8BC9CEB8-8B4A-11D0-8D11-00A0C91BC942}") = "MiniStarcraft", "MiniStarcraft\MiniStarcraft.vcxproj", "{3BC4484B-CEF9-4E49-A948-AA4D997A7486}"
EndProject
Project("{8BC9CEB8-8B4A-11D0-8D11-00A0C91BC942}") = "MiniStarcraft_3_0319", "MiniStarcraft_3_0319\MiniStarcraft_3_0319.vcxproj", "{B5CBF298-116A-471C-B546-4F2D5A16CC24}"
EndProject
Project("{8BC9CEB8-8B4A-11D0-8D11-00A0C91BC942}") = "temp", "temp\temp.vcxproj", "{36CB66AD-9411-4F9A-8CAA-58C334F623B4}"
EndProject
Global
	GlobalSection(SolutionConfigurationPlatforms) = preSolution
		Debug|x64 = Debug|x64
		Debug|x86 = Debug|x86
		Release|x64 = Release|x64
		Release|x86 = Release|x86
	EndGlobalSection
	GlobalSection(ProjectConfigurationPlatforms) = postSolution
		{3BC4484B-CEF9-4E49-A948-AA4D997A7486}.Debug|x64.ActiveCfg = Debug|x64
		{3BC4484B-CEF9-4E49-A948-AA4D997A7486}.Debug|x64.Build.0 = Debug|x64
		{3BC4484B-CEF9-4E49-A948-AA4D997A7486}.Debug|x86.ActiveCfg = Debug|Win32
		{3BC4484B-CEF9-4E49-A948-AA4D997A7486}.Debug|x86.Build.0 = Debug|Win32
		{3BC4484B-CEF9-4E49-A948-AA4D997A7486}.Release|x64.ActiveCfg = Release|x64
		{3BC4484B-CEF9-4E49-A948-AA4D997A7486}.Release|x64.Build.0 = Release|x64
		{3BC4484B-CEF9-4E49-A948-AA4D997A7486}.Release|x86.ActiveCfg = Release|Win32
		{3BC4484B-CEF9-4E49-A948-AA4D997A7486}.Release|x86.Build.0 = Release|Win32
		{B5CBF298-116A-471C-B546-4F2D5A16CC24}.Debug|x64.ActiveCfg = Debug|x64
		{B5CBF298-116A-471C-B546-4F2D5A16CC24}.Debug|x64.Build.0 = Debug|x64
		{B5CBF298-116A-471C-B546-4F2D5A16CC24}.Debug|x86.ActiveCfg = Debug|Win32
		{B5CBF298-116A-471C-B546-4F2D5A16CC24}.Debug|x86.Build.0 = Debug|Win32
		{B5CBF298-116A-471C-B546-4F2D5A16CC24}.Release|x64.ActiveCfg = Release|x64
		{B5CBF298-116A-471C-B546-4F2D5A16CC24}.Release|x64.Build.0 = Release|x64
		{B5CBF298-116A-471C-B546-4F2D5A16CC24}.Release|x86.ActiveCfg = Release|Win32
		{B5CBF298-116A-471C-B546-4F2D5A16CC24}.Release|x86.Build.0 = Release|Win32
		{36CB66AD-9411-4F9A-8CAA-58C334F623B4}.Debug|x64.ActiveCfg = Debug|x64
		{36CB66AD-9411-4F9A-8CAA-58C334F623B4}.Debug|x64.Build.0 = Debug|x64
		{36CB66AD-9411-4F9A-8CAA-58C334F623B4}.Debug|x86.ActiveCfg = Debug|Win32
		{36CB66AD-9411-4F9A-8CAA-58C334F623B4}.Debug|x86.Build.0 = Debug|Win32
		{36CB66AD-9411-4F9A-8CAA-58C334F623B4}.Release|x64.ActiveCfg = Release|x64
		{36CB66AD-9411-4F9A-8CAA-58C334F623B4}.Release|x64.Build.0 = Release|x64
		{36CB66AD-9411-4F9A-8CAA-58C334F623B4}.Release|x86.ActiveCfg = Release|Win32
		{36CB66AD-9411-4F9A-8CAA-58C334F623B4}.Release|x86.Build.0 = Release|Win32
	EndGlobalSection
	GlobalSection(SolutionProperties) = preSolution
		HideSolutionNode = FALSE
	EndGlobalSection
	GlobalSection(ExtensibilityGlobals) = postSolution
		SolutionGuid = {E1A18DDE-CF68-4147-B415-4EDE7AE431EB}
	EndGlobalSection
EndGlobal
