
Microsoft Visual Studio Solution File, Format Version 12.00
# Visual Studio Version 16
VisualStudioVersion = 16.0.33328.57
MinimumVisualStudioVersion = 10.0.40219.1
Project("{8BC9CEB8-8B4A-11D0-8D11-00A0C91BC942}") = "MiniStarcraft", "MiniStarcraft\MiniStarcraft.vcxproj", "{3BC4484B-CEF9-4E49-A948-AA4D997A7486}"
EndProject
Project("{8BC9CEB8-8B4A-11D0-8D11-00A0C91BC942}") = "MiniStarcraft_3_0319", "MiniStarcraft_3_0319\MiniStarcraft_3_0319.vcxproj", "{B5CBF298-116A-471C-B546-4F2D5A16CC24}"
EndProject
Project("{8BC9CEB8-8B4A-11D0-8D11-00A0C91BC942}") = "temp", "temp\temp.vcxproj", "{36CB66AD-9411-4F9A-8CAA-58C334F623B4}"
EndProject
Project("{8BC9CEB8-8B4A-11D0-8D11-00A0C91BC942}") = "Recursive_230330", "Recursive_230330\Recursive_230330.vcxproj", "{8667205D-7F04-460D-A9A1-FEA231D9BB2F}"
EndProject
Project("{8BC9CEB8-8B4A-11D0-8D11-00A0C91BC942}") = "230420_LinkedList_8", "230420_LinkedList_8\230420_LinkedList_8.vcxproj", "{B974E0ED-2DCC-4A9C-8FB6-B3D7306A4D30}"
EndProject
Project("{8BC9CEB8-8B4A-11D0-8D11-00A0C91BC942}") = "230406_DT", "230406_DT\230406_DT.vcxproj", "{2625F7ED-9819-4115-B980-F9D8D9061AE4}"
EndProject
Project("{8BC9CEB8-8B4A-11D0-8D11-00A0C91BC942}") = "MiniStarcraft_11_LargeFile", "MiniStarcraft_11_LargeFile\MiniStarcraft_11_LargeFile.vcxproj", "{DFE15B76-F4F8-49FD-8F8D-3C190F9497F6}"
EndProject
Project("{8BC9CEB8-8B4A-11D0-8D11-00A0C91BC942}") = "Ministar_12_Tree", "Ministar_12_Tree\Ministar_12_Tree.vcxproj", "{F973DC28-D592-4314-B942-EA0A02D8D60C}"
EndProject
Global
	GlobalSection(SolutionConfigurationPlatforms) = preSolution
		Debug|x64 = Debug|x64
		Debug|x86 = Debug|x86
		Release|x64 = Release|x64
		Release|x86 = Release|x86
	EndGlobalSection
	GlobalSection(ProjectConfigurationPlatforms) = postSolution
		{3BC4484B-CEF9-4E49-A948-AA4D997A7486}.Debug|x64.ActiveCfg = Debug|x64
		{3BC4484B-CEF9-4E49-A948-AA4D997A7486}.Debug|x64.Build.0 = Debug|x64
		{3BC4484B-CEF9-4E49-A948-AA4D997A7486}.Debug|x86.ActiveCfg = Debug|Win32
		{3BC4484B-CEF9-4E49-A948-AA4D997A7486}.Debug|x86.Build.0 = Debug|Win32
		{3BC4484B-CEF9-4E49-A948-AA4D997A7486}.Release|x64.ActiveCfg = Release|x64
		{3BC4484B-CEF9-4E49-A948-AA4D997A7486}.Release|x64.Build.0 = Release|x64
		{3BC4484B-CEF9-4E49-A948-AA4D997A7486}.Release|x86.ActiveCfg = Release|Win32
		{3BC4484B-CEF9-4E49-A948-AA4D997A7486}.Release|x86.Build.0 = Release|Win32
		{B5CBF298-116A-471C-B546-4F2D5A16CC24}.Debug|x64.ActiveCfg = Debug|x64
		{B5CBF298-116A-471C-B546-4F2D5A16CC24}.Debug|x64.Build.0 = Debug|x64
		{B5CBF298-116A-471C-B546-4F2D5A16CC24}.Debug|x86.ActiveCfg = Debug|Win32
		{B5CBF298-116A-471C-B546-4F2D5A16CC24}.Debug|x86.Build.0 = Debug|Win32
		{B5CBF298-116A-471C-B546-4F2D5A16CC24}.Release|x64.ActiveCfg = Release|x64
		{B5CBF298-116A-471C-B546-4F2D5A16CC24}.Release|x64.Build.0 = Release|x64
		{B5CBF298-116A-471C-B546-4F2D5A16CC24}.Release|x86.ActiveCfg = Release|Win32
		{B5CBF298-116A-471C-B546-4F2D5A16CC24}.Release|x86.Build.0 = Release|Win32
		{36CB66AD-9411-4F9A-8CAA-58C334F623B4}.Debug|x64.ActiveCfg = Debug|x64
		{36CB66AD-9411-4F9A-8CAA-58C334F623B4}.Debug|x64.Build.0 = Debug|x64
		{36CB66AD-9411-4F9A-8CAA-58C334F623B4}.Debug|x86.ActiveCfg = Debug|Win32
		{36CB66AD-9411-4F9A-8CAA-58C334F623B4}.Debug|x86.Build.0 = Debug|Win32
		{36CB66AD-9411-4F9A-8CAA-58C334F623B4}.Release|x64.ActiveCfg = Release|x64
		{36CB66AD-9411-4F9A-8CAA-58C334F623B4}.Release|x64.Build.0 = Release|x64
		{36CB66AD-9411-4F9A-8CAA-58C334F623B4}.Release|x86.ActiveCfg = Release|Win32
		{36CB66AD-9411-4F9A-8CAA-58C334F623B4}.Release|x86.Build.0 = Release|Win32
		{8667205D-7F04-460D-A9A1-FEA231D9BB2F}.Debug|x64.ActiveCfg = Debug|x64
		{8667205D-7F04-460D-A9A1-FEA231D9BB2F}.Debug|x64.Build.0 = Debug|x64
		{8667205D-7F04-460D-A9A1-FEA231D9BB2F}.Debug|x86.ActiveCfg = Debug|Win32
		{8667205D-7F04-460D-A9A1-FEA231D9BB2F}.Debug|x86.Build.0 = Debug|Win32
		{8667205D-7F04-460D-A9A1-FEA231D9BB2F}.Release|x64.ActiveCfg = Release|x64
		{8667205D-7F04-460D-A9A1-FEA231D9BB2F}.Release|x64.Build.0 = Release|x64
		{8667205D-7F04-460D-A9A1-FEA231D9BB2F}.Release|x86.ActiveCfg = Release|Win32
		{8667205D-7F04-460D-A9A1-FEA231D9BB2F}.Release|x86.Build.0 = Release|Win32
		{B974E0ED-2DCC-4A9C-8FB6-B3D7306A4D30}.Debug|x64.ActiveCfg = Debug|x64
		{B974E0ED-2DCC-4A9C-8FB6-B3D7306A4D30}.Debug|x64.Build.0 = Debug|x64
		{B974E0ED-2DCC-4A9C-8FB6-B3D7306A4D30}.Debug|x86.ActiveCfg = Debug|Win32
		{B974E0ED-2DCC-4A9C-8FB6-B3D7306A4D30}.Debug|x86.Build.0 = Debug|Win32
		{B974E0ED-2DCC-4A9C-8FB6-B3D7306A4D30}.Release|x64.ActiveCfg = Release|x64
		{B974E0ED-2DCC-4A9C-8FB6-B3D7306A4D30}.Release|x64.Build.0 = Release|x64
		{B974E0ED-2DCC-4A9C-8FB6-B3D7306A4D30}.Release|x86.ActiveCfg = Release|Win32
		{B974E0ED-2DCC-4A9C-8FB6-B3D7306A4D30}.Release|x86.Build.0 = Release|Win32
		{2625F7ED-9819-4115-B980-F9D8D9061AE4}.Debug|x64.ActiveCfg = Debug|x64
		{2625F7ED-9819-4115-B980-F9D8D9061AE4}.Debug|x64.Build.0 = Debug|x64
		{2625F7ED-9819-4115-B980-F9D8D9061AE4}.Debug|x86.ActiveCfg = Debug|Win32
		{2625F7ED-9819-4115-B980-F9D8D9061AE4}.Debug|x86.Build.0 = Debug|Win32
		{2625F7ED-9819-4115-B980-F9D8D9061AE4}.Release|x64.ActiveCfg = Release|x64
		{2625F7ED-9819-4115-B980-F9D8D9061AE4}.Release|x64.Build.0 = Release|x64
		{2625F7ED-9819-4115-B980-F9D8D9061AE4}.Release|x86.ActiveCfg = Release|Win32
		{2625F7ED-9819-4115-B980-F9D8D9061AE4}.Release|x86.Build.0 = Release|Win32
		{DFE15B76-F4F8-49FD-8F8D-3C190F9497F6}.Debug|x64.ActiveCfg = Debug|x64
		{DFE15B76-F4F8-49FD-8F8D-3C190F9497F6}.Debug|x64.Build.0 = Debug|x64
		{DFE15B76-F4F8-49FD-8F8D-3C190F9497F6}.Debug|x86.ActiveCfg = Debug|Win32
		{DFE15B76-F4F8-49FD-8F8D-3C190F9497F6}.Debug|x86.Build.0 = Debug|Win32
		{DFE15B76-F4F8-49FD-8F8D-3C190F9497F6}.Release|x64.ActiveCfg = Release|x64
		{DFE15B76-F4F8-49FD-8F8D-3C190F9497F6}.Release|x64.Build.0 = Release|x64
		{DFE15B76-F4F8-49FD-8F8D-3C190F9497F6}.Release|x86.ActiveCfg = Release|Win32
		{DFE15B76-F4F8-49FD-8F8D-3C190F9497F6}.Release|x86.Build.0 = Release|Win32
		{F973DC28-D592-4314-B942-EA0A02D8D60C}.Debug|x64.ActiveCfg = Debug|x64
		{F973DC28-D592-4314-B942-EA0A02D8D60C}.Debug|x64.Build.0 = Debug|x64
		{F973DC28-D592-4314-B942-EA0A02D8D60C}.Debug|x86.ActiveCfg = Debug|Win32
		{F973DC28-D592-4314-B942-EA0A02D8D60C}.Debug|x86.Build.0 = Debug|Win32
		{F973DC28-D592-4314-B942-EA0A02D8D60C}.Release|x64.ActiveCfg = Release|x64
		{F973DC28-D592-4314-B942-EA0A02D8D60C}.Release|x64.Build.0 = Release|x64
		{F973DC28-D592-4314-B942-EA0A02D8D60C}.Release|x86.ActiveCfg = Release|Win32
		{F973DC28-D592-4314-B942-EA0A02D8D60C}.Release|x86.Build.0 = Release|Win32
	EndGlobalSection
	GlobalSection(SolutionProperties) = preSolution
		HideSolutionNode = FALSE
	EndGlobalSection
	GlobalSection(ExtensibilityGlobals) = postSolution
		SolutionGuid = {E1A18DDE-CF68-4147-B415-4EDE7AE431EB}
	EndGlobalSection
EndGlobal
