<?xml version="1.0" encoding="utf-8"?>
<Project ToolsVersion="4.0" xmlns="http://schemas.microsoft.com/developer/msbuild/2003">
  <ItemGroup>
    <ClCompile Include="MiniStar.cpp" />
    <ClCompile Include="temp1.cpp" />
    <ClCompile Include="temp2.cpp" />
    <ClCompile Include="temp3.c" />
  </ItemGroup>
</Project>